
Microsoft Visual Studio Solution File, Format Version 12.00
# Visual Studio 2013
VisualStudioVersion = 12.0.21005.1
MinimumVisualStudioVersion = 10.0.40219.1
Project("{FAE04EC0-301F-11D3-BF4B-00C04F79EFBC}") = "FoxServices", "FoxServices\FoxServices.csproj", "{610C214B-1CE9-4305-8A38-86DD1F17EBCE}"
EndProject
Project("{FAE04EC0-301F-11D3-BF4B-00C04F79EFBC}") = "FoxDal", "FoxDal\FoxDal.csproj", "{3DB5B95F-A4C6-4EE2-A245-74673B04775A}"
EndProject
Project("{E24C65DC-7377-472B-9ABA-BC803B73C61A}") = "Website", "http://localhost:51131", "{A93004A1-4B1B-464B-8A1F-9233856DC12D}"
	ProjectSection(WebsiteProperties) = preProject
		UseIISExpress = "true"
		TargetFrameworkMoniker = ".NETFramework,Version%3Dv4.0"
		Debug.AspNetCompiler.VirtualPath = "/localhost_51131"
		Debug.AspNetCompiler.PhysicalPath = "Website\"
		Debug.AspNetCompiler.TargetPath = "PrecompiledWeb\localhost_51131\"
		Debug.AspNetCompiler.Updateable = "true"
		Debug.AspNetCompiler.ForceOverwrite = "true"
		Debug.AspNetCompiler.FixedNames = "false"
		Debug.AspNetCompiler.Debug = "True"
		Release.AspNetCompiler.VirtualPath = "/localhost_51131"
		Release.AspNetCompiler.PhysicalPath = "Website\"
		Release.AspNetCompiler.TargetPath = "PrecompiledWeb\localhost_51131\"
		Release.AspNetCompiler.Updateable = "true"
		Release.AspNetCompiler.ForceOverwrite = "true"
		Release.AspNetCompiler.FixedNames = "false"
		Release.AspNetCompiler.Debug = "False"
		SlnRelativePath = "Website\"
	EndProjectSection
EndProject
Global
	GlobalSection(SolutionConfigurationPlatforms) = preSolution
		Debug|Any CPU = Debug|Any CPU
		Release|Any CPU = Release|Any CPU
	EndGlobalSection
	GlobalSection(ProjectConfigurationPlatforms) = postSolution
		{610C214B-1CE9-4305-8A38-86DD1F17EBCE}.Debug|Any CPU.ActiveCfg = Debug|Any CPU
		{610C214B-1CE9-4305-8A38-86DD1F17EBCE}.Debug|Any CPU.Build.0 = Debug|Any CPU
		{610C214B-1CE9-4305-8A38-86DD1F17EBCE}.Release|Any CPU.ActiveCfg = Release|Any CPU
		{610C214B-1CE9-4305-8A38-86DD1F17EBCE}.Release|Any CPU.Build.0 = Release|Any CPU
		{3DB5B95F-A4C6-4EE2-A245-74673B04775A}.Debug|Any CPU.ActiveCfg = Debug|Any CPU
		{3DB5B95F-A4C6-4EE2-A245-74673B04775A}.Debug|Any CPU.Build.0 = Debug|Any CPU
		{3DB5B95F-A4C6-4EE2-A245-74673B04775A}.Release|Any CPU.ActiveCfg = Release|Any CPU
		{3DB5B95F-A4C6-4EE2-A245-74673B04775A}.Release|Any CPU.Build.0 = Release|Any CPU
		{A93004A1-4B1B-464B-8A1F-9233856DC12D}.Debug|Any CPU.ActiveCfg = Debug|Any CPU
		{A93004A1-4B1B-464B-8A1F-9233856DC12D}.Debug|Any CPU.Build.0 = Debug|Any CPU
		{A93004A1-4B1B-464B-8A1F-9233856DC12D}.Release|Any CPU.ActiveCfg = Debug|Any CPU
		{A93004A1-4B1B-464B-8A1F-9233856DC12D}.Release|Any CPU.Build.0 = Debug|Any CPU
	EndGlobalSection
	GlobalSection(SolutionProperties) = preSolution
		HideSolutionNode = FALSE
	EndGlobalSection
EndGlobal
